
Microsoft Visual Studio Solution File, Format Version 12.00
# Visual Studio Version 17
VisualStudioVersion = 17.2.32616.157
MinimumVisualStudioVersion = 10.0.40219.1
Project("{9A19103F-16F7-4668-BE54-9A1E7A4F7556}") = "CustomActionType.Module", "CustomActionType.Module\CustomActionType.Module.csproj", "{9A08C822-92D8-47F7-BEFC-809BB5564B4B}"
EndProject
Project("{9A19103F-16F7-4668-BE54-9A1E7A4F7556}") = "CustomActionType.Blazor.Server", "CustomActionType.Blazor.Server\CustomActionType.Blazor.Server.csproj", "{59CE1FC0-E2F8-45F0-B63D-4EBB467833B8}"
EndProject
Global
	GlobalSection(SolutionConfigurationPlatforms) = preSolution
		Debug|Any CPU = Debug|Any CPU
		EasyTest|Any CPU = EasyTest|Any CPU
		Release|Any CPU = Release|Any CPU
	EndGlobalSection
	GlobalSection(ProjectConfigurationPlatforms) = postSolution
		{9A08C822-92D8-47F7-BEFC-809BB5564B4B}.Debug|Any CPU.ActiveCfg = Debug|Any CPU
		{9A08C822-92D8-47F7-BEFC-809BB5564B4B}.Debug|Any CPU.Build.0 = Debug|Any CPU
		{9A08C822-92D8-47F7-BEFC-809BB5564B4B}.EasyTest|Any CPU.ActiveCfg = EasyTest|Any CPU
		{9A08C822-92D8-47F7-BEFC-809BB5564B4B}.EasyTest|Any CPU.Build.0 = EasyTest|Any CPU
		{9A08C822-92D8-47F7-BEFC-809BB5564B4B}.Release|Any CPU.ActiveCfg = Release|Any CPU
		{9A08C822-92D8-47F7-BEFC-809BB5564B4B}.Release|Any CPU.Build.0 = Release|Any CPU
		{59CE1FC0-E2F8-45F0-B63D-4EBB467833B8}.Debug|Any CPU.ActiveCfg = Debug|Any CPU
		{59CE1FC0-E2F8-45F0-B63D-4EBB467833B8}.Debug|Any CPU.Build.0 = Debug|Any CPU
		{59CE1FC0-E2F8-45F0-B63D-4EBB467833B8}.EasyTest|Any CPU.ActiveCfg = EasyTest|Any CPU
		{59CE1FC0-E2F8-45F0-B63D-4EBB467833B8}.EasyTest|Any CPU.Build.0 = EasyTest|Any CPU
		{59CE1FC0-E2F8-45F0-B63D-4EBB467833B8}.Release|Any CPU.ActiveCfg = Release|Any CPU
		{59CE1FC0-E2F8-45F0-B63D-4EBB467833B8}.Release|Any CPU.Build.0 = Release|Any CPU
	EndGlobalSection
	GlobalSection(SolutionProperties) = preSolution
		HideSolutionNode = FALSE
	EndGlobalSection
	GlobalSection(ExtensibilityGlobals) = postSolution
		SolutionGuid = {2BC4D003-E70E-4128-BEC8-6C6405DEF33A}
	EndGlobalSection
EndGlobal
